
Microsoft Visual Studio Solution File, Format Version 12.00
# Visual Studio Version 17
VisualStudioVersion = 17.5.33414.496
MinimumVisualStudioVersion = 10.0.40219.1
Project("{FAE04EC0-301F-11D3-BF4B-00C04F79EFBC}") = "Ejercicios1", "Ejercicios1\Ejercicios1.csproj", "{6715C839-BA06-4FBB-8294-748EF5C7ED61}"
EndProject
Global
	GlobalSection(SolutionConfigurationPlatforms) = preSolution
		Debug|Any CPU = Debug|Any CPU
		Release|Any CPU = Release|Any CPU
	EndGlobalSection
	GlobalSection(ProjectConfigurationPlatforms) = postSolution
		{6715C839-BA06-4FBB-8294-748EF5C7ED61}.Debug|Any CPU.ActiveCfg = Debug|Any CPU
		{6715C839-BA06-4FBB-8294-748EF5C7ED61}.Debug|Any CPU.Build.0 = Debug|Any CPU
		{6715C839-BA06-4FBB-8294-748EF5C7ED61}.Release|Any CPU.ActiveCfg = Release|Any CPU
		{6715C839-BA06-4FBB-8294-748EF5C7ED61}.Release|Any CPU.Build.0 = Release|Any CPU
	EndGlobalSection
	GlobalSection(SolutionProperties) = preSolution
		HideSolutionNode = FALSE
	EndGlobalSection
	GlobalSection(ExtensibilityGlobals) = postSolution
		SolutionGuid = {AF51EDBA-EB7F-4641-8B91-8CE189DF3FF3}
	EndGlobalSection
EndGlobal
