
Microsoft Visual Studio Solution File, Format Version 12.00
# Visual Studio Version 17
VisualStudioVersion = 17.5.33414.496
MinimumVisualStudioVersion = 10.0.40219.1
Project("{FAE04EC0-301F-11D3-BF4B-00C04F79EFBC}") = "Ejercicios_matrices_Multidimencionales", "Ejercicios_matrices_Multidimencionales\Ejercicios_matrices_Multidimencionales.csproj", "{5D178BC0-367F-436E-80A7-724064BDE6CD}"
EndProject
Global
	GlobalSection(SolutionConfigurationPlatforms) = preSolution
		Debug|Any CPU = Debug|Any CPU
		Release|Any CPU = Release|Any CPU
	EndGlobalSection
	GlobalSection(ProjectConfigurationPlatforms) = postSolution
		{5D178BC0-367F-436E-80A7-724064BDE6CD}.Debug|Any CPU.ActiveCfg = Debug|Any CPU
		{5D178BC0-367F-436E-80A7-724064BDE6CD}.Debug|Any CPU.Build.0 = Debug|Any CPU
		{5D178BC0-367F-436E-80A7-724064BDE6CD}.Release|Any CPU.ActiveCfg = Release|Any CPU
		{5D178BC0-367F-436E-80A7-724064BDE6CD}.Release|Any CPU.Build.0 = Release|Any CPU
	EndGlobalSection
	GlobalSection(SolutionProperties) = preSolution
		HideSolutionNode = FALSE
	EndGlobalSection
	GlobalSection(ExtensibilityGlobals) = postSolution
		SolutionGuid = {676D306C-ED70-4982-B856-260174A1CE53}
	EndGlobalSection
EndGlobal
