
Microsoft Visual Studio Solution File, Format Version 12.00
# Visual Studio Version 17
VisualStudioVersion = 17.5.33414.496
MinimumVisualStudioVersion = 10.0.40219.1
Project("{FAE04EC0-301F-11D3-BF4B-00C04F79EFBC}") = "Medodos_Return_Multiples_valores", "Medodos_Return_Multiples_valores\Medodos_Return_Multiples_valores.csproj", "{EC4F0A12-576E-452B-8590-F18334645CCB}"
EndProject
Global
	GlobalSection(SolutionConfigurationPlatforms) = preSolution
		Debug|Any CPU = Debug|Any CPU
		Release|Any CPU = Release|Any CPU
	EndGlobalSection
	GlobalSection(ProjectConfigurationPlatforms) = postSolution
		{EC4F0A12-576E-452B-8590-F18334645CCB}.Debug|Any CPU.ActiveCfg = Debug|Any CPU
		{EC4F0A12-576E-452B-8590-F18334645CCB}.Debug|Any CPU.Build.0 = Debug|Any CPU
		{EC4F0A12-576E-452B-8590-F18334645CCB}.Release|Any CPU.ActiveCfg = Release|Any CPU
		{EC4F0A12-576E-452B-8590-F18334645CCB}.Release|Any CPU.Build.0 = Release|Any CPU
	EndGlobalSection
	GlobalSection(SolutionProperties) = preSolution
		HideSolutionNode = FALSE
	EndGlobalSection
	GlobalSection(ExtensibilityGlobals) = postSolution
		SolutionGuid = {C87B665F-7ACD-46D6-B11A-48E30EBFDE97}
	EndGlobalSection
EndGlobal
