
Microsoft Visual Studio Solution File, Format Version 12.00
# Visual Studio Version 17
VisualStudioVersion = 17.5.33414.496
MinimumVisualStudioVersion = 10.0.40219.1
Project("{FAE04EC0-301F-11D3-BF4B-00C04F79EFBC}") = "Ejercicio_Matrices_unidimencionales", "Ejercicio_Matrices_unidimencionales\Ejercicio_Matrices_unidimencionales.csproj", "{C362B8B2-3E45-4028-8812-2246CA938E3B}"
EndProject
Global
	GlobalSection(SolutionConfigurationPlatforms) = preSolution
		Debug|Any CPU = Debug|Any CPU
		Release|Any CPU = Release|Any CPU
	EndGlobalSection
	GlobalSection(ProjectConfigurationPlatforms) = postSolution
		{C362B8B2-3E45-4028-8812-2246CA938E3B}.Debug|Any CPU.ActiveCfg = Debug|Any CPU
		{C362B8B2-3E45-4028-8812-2246CA938E3B}.Debug|Any CPU.Build.0 = Debug|Any CPU
		{C362B8B2-3E45-4028-8812-2246CA938E3B}.Release|Any CPU.ActiveCfg = Release|Any CPU
		{C362B8B2-3E45-4028-8812-2246CA938E3B}.Release|Any CPU.Build.0 = Release|Any CPU
	EndGlobalSection
	GlobalSection(SolutionProperties) = preSolution
		HideSolutionNode = FALSE
	EndGlobalSection
	GlobalSection(ExtensibilityGlobals) = postSolution
		SolutionGuid = {FF6A5E55-9BC8-497E-84BE-DB052D408EEE}
	EndGlobalSection
EndGlobal
